
Microsoft Visual Studio Solution File, Format Version 12.00
# Visual Studio Version 16
VisualStudioVersion = 16.0.30907.101
MinimumVisualStudioVersion = 10.0.40219.1
Project("{FAE04EC0-301F-11D3-BF4B-00C04F79EFBC}") = "BDB", "BDB\BDB.csproj", "{37C1E362-825D-4A53-B975-FF25EA32CBD5}"
EndProject
Global
	GlobalSection(SolutionConfigurationPlatforms) = preSolution
		Debug|Any CPU = Debug|Any CPU
		Release|Any CPU = Release|Any CPU
	EndGlobalSection
	GlobalSection(ProjectConfigurationPlatforms) = postSolution
		{37C1E362-825D-4A53-B975-FF25EA32CBD5}.Debug|Any CPU.ActiveCfg = Debug|Any CPU
		{37C1E362-825D-4A53-B975-FF25EA32CBD5}.Debug|Any CPU.Build.0 = Debug|Any CPU
		{37C1E362-825D-4A53-B975-FF25EA32CBD5}.Release|Any CPU.ActiveCfg = Release|Any CPU
		{37C1E362-825D-4A53-B975-FF25EA32CBD5}.Release|Any CPU.Build.0 = Release|Any CPU
	EndGlobalSection
	GlobalSection(SolutionProperties) = preSolution
		HideSolutionNode = FALSE
	EndGlobalSection
	GlobalSection(ExtensibilityGlobals) = postSolution
		SolutionGuid = {280489B2-4C38-45DD-8E66-BBA72232C12A}
	EndGlobalSection
EndGlobal
