
Microsoft Visual Studio Solution File, Format Version 12.00
# Visual Studio Version 16
VisualStudioVersion = 16.0.30711.63
MinimumVisualStudioVersion = 10.0.40219.1
Project("{FAE04EC0-301F-11D3-BF4B-00C04F79EFBC}") = "BDBSM_WindowsApp", "BDBSM_WindowsApp\BDBSM_WindowsApp.csproj", "{9B2AC582-E93A-4A3F-B531-EE65608FAE13}"
EndProject
Global
	GlobalSection(SolutionConfigurationPlatforms) = preSolution
		Debug|Any CPU = Debug|Any CPU
		Debug|ARM = Debug|ARM
		Debug|ARM64 = Debug|ARM64
		Debug|x64 = Debug|x64
		Debug|x86 = Debug|x86
		Release|Any CPU = Release|Any CPU
		Release|ARM = Release|ARM
		Release|ARM64 = Release|ARM64
		Release|x64 = Release|x64
		Release|x86 = Release|x86
	EndGlobalSection
	GlobalSection(ProjectConfigurationPlatforms) = postSolution
		{9B2AC582-E93A-4A3F-B531-EE65608FAE13}.Debug|Any CPU.ActiveCfg = Debug|Any CPU
		{9B2AC582-E93A-4A3F-B531-EE65608FAE13}.Debug|Any CPU.Build.0 = Debug|Any CPU
		{9B2AC582-E93A-4A3F-B531-EE65608FAE13}.Debug|ARM.ActiveCfg = Debug|Any CPU
		{9B2AC582-E93A-4A3F-B531-EE65608FAE13}.Debug|ARM.Build.0 = Debug|Any CPU
		{9B2AC582-E93A-4A3F-B531-EE65608FAE13}.Debug|ARM64.ActiveCfg = Debug|Any CPU
		{9B2AC582-E93A-4A3F-B531-EE65608FAE13}.Debug|ARM64.Build.0 = Debug|Any CPU
		{9B2AC582-E93A-4A3F-B531-EE65608FAE13}.Debug|x64.ActiveCfg = Debug|Any CPU
		{9B2AC582-E93A-4A3F-B531-EE65608FAE13}.Debug|x64.Build.0 = Debug|Any CPU
		{9B2AC582-E93A-4A3F-B531-EE65608FAE13}.Debug|x86.ActiveCfg = Debug|Any CPU
		{9B2AC582-E93A-4A3F-B531-EE65608FAE13}.Debug|x86.Build.0 = Debug|Any CPU
		{9B2AC582-E93A-4A3F-B531-EE65608FAE13}.Release|Any CPU.ActiveCfg = Release|Any CPU
		{9B2AC582-E93A-4A3F-B531-EE65608FAE13}.Release|Any CPU.Build.0 = Release|Any CPU
		{9B2AC582-E93A-4A3F-B531-EE65608FAE13}.Release|ARM.ActiveCfg = Release|Any CPU
		{9B2AC582-E93A-4A3F-B531-EE65608FAE13}.Release|ARM.Build.0 = Release|Any CPU
		{9B2AC582-E93A-4A3F-B531-EE65608FAE13}.Release|ARM64.ActiveCfg = Release|Any CPU
		{9B2AC582-E93A-4A3F-B531-EE65608FAE13}.Release|ARM64.Build.0 = Release|Any CPU
		{9B2AC582-E93A-4A3F-B531-EE65608FAE13}.Release|x64.ActiveCfg = Release|Any CPU
		{9B2AC582-E93A-4A3F-B531-EE65608FAE13}.Release|x64.Build.0 = Release|Any CPU
		{9B2AC582-E93A-4A3F-B531-EE65608FAE13}.Release|x86.ActiveCfg = Release|Any CPU
		{9B2AC582-E93A-4A3F-B531-EE65608FAE13}.Release|x86.Build.0 = Release|Any CPU
	EndGlobalSection
	GlobalSection(SolutionProperties) = preSolution
		HideSolutionNode = FALSE
	EndGlobalSection
	GlobalSection(ExtensibilityGlobals) = postSolution
		SolutionGuid = {4F07FB09-9080-4257-89A6-896A5871218D}
	EndGlobalSection
EndGlobal
